// !$*UTF8*$!
{
	archiveVersion = 1;
	classes = {
	};
	objectVersion = 55;
	objects = {

/* Begin PBXBuildFile section */
		F41B2E0729AF9212002BCFE8 /* HealthKitResult.swift in Sources */ = {isa = PBXBuildFile; fileRef = F41B2E0629AF9212002BCFE8 /* HealthKitResult.swift */; };
		F4A6021729AC96230010C04D /* SecondView.swift in Sources */ = {isa = PBXBuildFile; fileRef = F4A6021629AC96230010C04D /* SecondView.swift */; };
		F4A6021929AC9EB60010C04D /* ActivityView.swift in Sources */ = {isa = PBXBuildFile; fileRef = F4A6021829AC9EB60010C04D /* ActivityView.swift */; };
		F4A6021D29ACB3CD0010C04D /* RingShape.swift in Sources */ = {isa = PBXBuildFile; fileRef = F4A6021C29ACB3CD0010C04D /* RingShape.swift */; };
		F4A6021F29ACB45D0010C04D /* ActivityRingView.swift in Sources */ = {isa = PBXBuildFile; fileRef = F4A6021E29ACB45D0010C04D /* ActivityRingView.swift */; };
		F4A6022129ACD9530010C04D /* ProfileView.swift in Sources */ = {isa = PBXBuildFile; fileRef = F4A6022029ACD9530010C04D /* ProfileView.swift */; };
		F4A6022329ACDAB70010C04D /* ExerciseListView.swift in Sources */ = {isa = PBXBuildFile; fileRef = F4A6022229ACDAB70010C04D /* ExerciseListView.swift */; };
		F4A6022529ACDBC80010C04D /* ExerciseDetailView.swift in Sources */ = {isa = PBXBuildFile; fileRef = F4A6022429ACDBC80010C04D /* ExerciseDetailView.swift */; };
		F4A6022729ACDF380010C04D /* ExerciseCardView.swift in Sources */ = {isa = PBXBuildFile; fileRef = F4A6022629ACDF380010C04D /* ExerciseCardView.swift */; };
		F4A6022B29AF2AD20010C04D /* HealthKit.framework in Frameworks */ = {isa = PBXBuildFile; fileRef = F4A6022A29AF2AD20010C04D /* HealthKit.framework */; };
		F4A6022E29AF2D580010C04D /* HelathKitService.swift in Sources */ = {isa = PBXBuildFile; fileRef = F4A6022D29AF2D580010C04D /* HelathKitService.swift */; };
		F4A6023029AF3B3F0010C04D /* HomeViewModel.swift in Sources */ = {isa = PBXBuildFile; fileRef = F4A6022F29AF3B3F0010C04D /* HomeViewModel.swift */; };
		F4A6023429AF456D0010C04D /* ActivityModel.swift in Sources */ = {isa = PBXBuildFile; fileRef = F4A6023329AF456D0010C04D /* ActivityModel.swift */; };
		F4D833FA29AC83A5008D8623 /* SwiftUIStudyApp.swift in Sources */ = {isa = PBXBuildFile; fileRef = F4D833F929AC83A5008D8623 /* SwiftUIStudyApp.swift */; };
		F4D833FC29AC83A5008D8623 /* ContentView.swift in Sources */ = {isa = PBXBuildFile; fileRef = F4D833FB29AC83A5008D8623 /* ContentView.swift */; };
		F4D833FE29AC83A6008D8623 /* Assets.xcassets in Resources */ = {isa = PBXBuildFile; fileRef = F4D833FD29AC83A6008D8623 /* Assets.xcassets */; };
		F4D8340129AC83A6008D8623 /* Preview Assets.xcassets in Resources */ = {isa = PBXBuildFile; fileRef = F4D8340029AC83A6008D8623 /* Preview Assets.xcassets */; };
		F4D8340829AC90C5008D8623 /* MainTabView.swift in Sources */ = {isa = PBXBuildFile; fileRef = F4D8340729AC90C5008D8623 /* MainTabView.swift */; };
		F4D8340A29AC9118008D8623 /* HomeView.swift in Sources */ = {isa = PBXBuildFile; fileRef = F4D8340929AC9118008D8623 /* HomeView.swift */; };
/* End PBXBuildFile section */

/* Begin PBXFileReference section */
		F41B2E0529AF8792002BCFE8 /* Info.plist */ = {isa = PBXFileReference; lastKnownFileType = text.plist; path = Info.plist; sourceTree = "<group>"; };
		F41B2E0629AF9212002BCFE8 /* HealthKitResult.swift */ = {isa = PBXFileReference; lastKnownFileType = sourcecode.swift; path = HealthKitResult.swift; sourceTree = "<group>"; };
		F4A6021629AC96230010C04D /* SecondView.swift */ = {isa = PBXFileReference; lastKnownFileType = sourcecode.swift; path = SecondView.swift; sourceTree = "<group>"; };
		F4A6021829AC9EB60010C04D /* ActivityView.swift */ = {isa = PBXFileReference; lastKnownFileType = sourcecode.swift; path = ActivityView.swift; sourceTree = "<group>"; };
		F4A6021C29ACB3CD0010C04D /* RingShape.swift */ = {isa = PBXFileReference; lastKnownFileType = sourcecode.swift; path = RingShape.swift; sourceTree = "<group>"; };
		F4A6021E29ACB45D0010C04D /* ActivityRingView.swift */ = {isa = PBXFileReference; lastKnownFileType = sourcecode.swift; path = ActivityRingView.swift; sourceTree = "<group>"; };
		F4A6022029ACD9530010C04D /* ProfileView.swift */ = {isa = PBXFileReference; lastKnownFileType = sourcecode.swift; path = ProfileView.swift; sourceTree = "<group>"; };
		F4A6022229ACDAB70010C04D /* ExerciseListView.swift */ = {isa = PBXFileReference; lastKnownFileType = sourcecode.swift; path = ExerciseListView.swift; sourceTree = "<group>"; };
		F4A6022429ACDBC80010C04D /* ExerciseDetailView.swift */ = {isa = PBXFileReference; lastKnownFileType = sourcecode.swift; path = ExerciseDetailView.swift; sourceTree = "<group>"; };
		F4A6022629ACDF380010C04D /* ExerciseCardView.swift */ = {isa = PBXFileReference; lastKnownFileType = sourcecode.swift; path = ExerciseCardView.swift; sourceTree = "<group>"; };
		F4A6022829AF2AD20010C04D /* SwiftUIStudy.entitlements */ = {isa = PBXFileReference; lastKnownFileType = text.plist.entitlements; path = SwiftUIStudy.entitlements; sourceTree = "<group>"; };
		F4A6022A29AF2AD20010C04D /* HealthKit.framework */ = {isa = PBXFileReference; lastKnownFileType = wrapper.framework; name = HealthKit.framework; path = System/Library/Frameworks/HealthKit.framework; sourceTree = SDKROOT; };
		F4A6022D29AF2D580010C04D /* HelathKitService.swift */ = {isa = PBXFileReference; lastKnownFileType = sourcecode.swift; path = HelathKitService.swift; sourceTree = "<group>"; };
		F4A6022F29AF3B3F0010C04D /* HomeViewModel.swift */ = {isa = PBXFileReference; lastKnownFileType = sourcecode.swift; path = HomeViewModel.swift; sourceTree = "<group>"; };
		F4A6023329AF456D0010C04D /* ActivityModel.swift */ = {isa = PBXFileReference; lastKnownFileType = sourcecode.swift; path = ActivityModel.swift; sourceTree = "<group>"; };
		F4D833F629AC83A5008D8623 /* SwiftUIStudy.app */ = {isa = PBXFileReference; explicitFileType = wrapper.application; includeInIndex = 0; path = SwiftUIStudy.app; sourceTree = BUILT_PRODUCTS_DIR; };
		F4D833F929AC83A5008D8623 /* SwiftUIStudyApp.swift */ = {isa = PBXFileReference; lastKnownFileType = sourcecode.swift; path = SwiftUIStudyApp.swift; sourceTree = "<group>"; };
		F4D833FB29AC83A5008D8623 /* ContentView.swift */ = {isa = PBXFileReference; lastKnownFileType = sourcecode.swift; path = ContentView.swift; sourceTree = "<group>"; };
		F4D833FD29AC83A6008D8623 /* Assets.xcassets */ = {isa = PBXFileReference; lastKnownFileType = folder.assetcatalog; path = Assets.xcassets; sourceTree = "<group>"; };
		F4D8340029AC83A6008D8623 /* Preview Assets.xcassets */ = {isa = PBXFileReference; lastKnownFileType = folder.assetcatalog; path = "Preview Assets.xcassets"; sourceTree = "<group>"; };
		F4D8340729AC90C5008D8623 /* MainTabView.swift */ = {isa = PBXFileReference; lastKnownFileType = sourcecode.swift; path = MainTabView.swift; sourceTree = "<group>"; };
		F4D8340929AC9118008D8623 /* HomeView.swift */ = {isa = PBXFileReference; lastKnownFileType = sourcecode.swift; path = HomeView.swift; sourceTree = "<group>"; };
/* End PBXFileReference section */

/* Begin PBXFrameworksBuildPhase section */
		F4D833F329AC83A5008D8623 /* Frameworks */ = {
			isa = PBXFrameworksBuildPhase;
			buildActionMask = 2147483647;
			files = (
				F4A6022B29AF2AD20010C04D /* HealthKit.framework in Frameworks */,
			);
			runOnlyForDeploymentPostprocessing = 0;
		};
/* End PBXFrameworksBuildPhase section */

/* Begin PBXGroup section */
		F41B2E0829AF9B85002BCFE8 /* ViewModels */ = {
			isa = PBXGroup;
			children = (
				F4A6022F29AF3B3F0010C04D /* HomeViewModel.swift */,
			);
			path = ViewModels;
			sourceTree = "<group>";
		};
		F4A6021A29ACB3040010C04D /* Views */ = {
			isa = PBXGroup;
			children = (
				F4D833FB29AC83A5008D8623 /* ContentView.swift */,
				F4D8340729AC90C5008D8623 /* MainTabView.swift */,
				F4A6021629AC96230010C04D /* SecondView.swift */,
				F4A6021B29ACB3150010C04D /* Home */,
				F4A6021C29ACB3CD0010C04D /* RingShape.swift */,
			);
			path = Views;
			sourceTree = "<group>";
		};
		F4A6021B29ACB3150010C04D /* Home */ = {
			isa = PBXGroup;
			children = (
				F4D8340929AC9118008D8623 /* HomeView.swift */,
				F4A6022029ACD9530010C04D /* ProfileView.swift */,
				F4A6021829AC9EB60010C04D /* ActivityView.swift */,
				F4A6021E29ACB45D0010C04D /* ActivityRingView.swift */,
				F4A6022229ACDAB70010C04D /* ExerciseListView.swift */,
				F4A6022429ACDBC80010C04D /* ExerciseDetailView.swift */,
				F4A6022629ACDF380010C04D /* ExerciseCardView.swift */,
			);
			path = Home;
			sourceTree = "<group>";
		};
		F4A6022929AF2AD20010C04D /* Frameworks */ = {
			isa = PBXGroup;
			children = (
				F4A6022A29AF2AD20010C04D /* HealthKit.framework */,
			);
			name = Frameworks;
			sourceTree = "<group>";
		};
		F4A6022C29AF2D4B0010C04D /* HealthKitService */ = {
			isa = PBXGroup;
			children = (
				F4A6022D29AF2D580010C04D /* HelathKitService.swift */,
				F41B2E0629AF9212002BCFE8 /* HealthKitResult.swift */,
			);
			path = HealthKitService;
			sourceTree = "<group>";
		};
		F4A6023229AF45570010C04D /* Models */ = {
			isa = PBXGroup;
			children = (
				F4A6023329AF456D0010C04D /* ActivityModel.swift */,
			);
			path = Models;
			sourceTree = "<group>";
		};
		F4D833ED29AC83A5008D8623 = {
			isa = PBXGroup;
			children = (
				F4D833F829AC83A5008D8623 /* SwiftUIStudy */,
				F4D833F729AC83A5008D8623 /* Products */,
				F4A6022929AF2AD20010C04D /* Frameworks */,
			);
			sourceTree = "<group>";
		};
		F4D833F729AC83A5008D8623 /* Products */ = {
			isa = PBXGroup;
			children = (
				F4D833F629AC83A5008D8623 /* SwiftUIStudy.app */,
			);
			name = Products;
			sourceTree = "<group>";
		};
		F4D833F829AC83A5008D8623 /* SwiftUIStudy */ = {
			isa = PBXGroup;
			children = (
				F41B2E0829AF9B85002BCFE8 /* ViewModels */,
				F41B2E0529AF8792002BCFE8 /* Info.plist */,
				F4A6023229AF45570010C04D /* Models */,
				F4A6022C29AF2D4B0010C04D /* HealthKitService */,
				F4A6022829AF2AD20010C04D /* SwiftUIStudy.entitlements */,
				F4A6021A29ACB3040010C04D /* Views */,
				F4D833F929AC83A5008D8623 /* SwiftUIStudyApp.swift */,
				F4D833FD29AC83A6008D8623 /* Assets.xcassets */,
				F4D833FF29AC83A6008D8623 /* Preview Content */,
			);
			path = SwiftUIStudy;
			sourceTree = "<group>";
		};
		F4D833FF29AC83A6008D8623 /* Preview Content */ = {
			isa = PBXGroup;
			children = (
				F4D8340029AC83A6008D8623 /* Preview Assets.xcassets */,
			);
			path = "Preview Content";
			sourceTree = "<group>";
		};
/* End PBXGroup section */

/* Begin PBXNativeTarget section */
		F4D833F529AC83A5008D8623 /* SwiftUIStudy */ = {
			isa = PBXNativeTarget;
			buildConfigurationList = F4D8340429AC83A6008D8623 /* Build configuration list for PBXNativeTarget "SwiftUIStudy" */;
			buildPhases = (
				F4D833F229AC83A5008D8623 /* Sources */,
				F4D833F329AC83A5008D8623 /* Frameworks */,
				F4D833F429AC83A5008D8623 /* Resources */,
			);
			buildRules = (
			);
			dependencies = (
			);
			name = SwiftUIStudy;
			productName = SwiftUIStudy;
			productReference = F4D833F629AC83A5008D8623 /* SwiftUIStudy.app */;
			productType = "com.apple.product-type.application";
		};
/* End PBXNativeTarget section */

/* Begin PBXProject section */
		F4D833EE29AC83A5008D8623 /* Project object */ = {
			isa = PBXProject;
			attributes = {
				BuildIndependentTargetsInParallel = 1;
				LastSwiftUpdateCheck = 1340;
				LastUpgradeCheck = 1340;
				TargetAttributes = {
					F4D833F529AC83A5008D8623 = {
						CreatedOnToolsVersion = 13.4.1;
					};
				};
			};
			buildConfigurationList = F4D833F129AC83A5008D8623 /* Build configuration list for PBXProject "SwiftUIStudy" */;
			compatibilityVersion = "Xcode 13.0";
			developmentRegion = en;
			hasScannedForEncodings = 0;
			knownRegions = (
				en,
				Base,
			);
			mainGroup = F4D833ED29AC83A5008D8623;
			productRefGroup = F4D833F729AC83A5008D8623 /* Products */;
			projectDirPath = "";
			projectRoot = "";
			targets = (
				F4D833F529AC83A5008D8623 /* SwiftUIStudy */,
			);
		};
/* End PBXProject section */

/* Begin PBXResourcesBuildPhase section */
		F4D833F429AC83A5008D8623 /* Resources */ = {
			isa = PBXResourcesBuildPhase;
			buildActionMask = 2147483647;
			files = (
				F4D8340129AC83A6008D8623 /* Preview Assets.xcassets in Resources */,
				F4D833FE29AC83A6008D8623 /* Assets.xcassets in Resources */,
			);
			runOnlyForDeploymentPostprocessing = 0;
		};
/* End PBXResourcesBuildPhase section */

/* Begin PBXSourcesBuildPhase section */
		F4D833F229AC83A5008D8623 /* Sources */ = {
			isa = PBXSourcesBuildPhase;
			buildActionMask = 2147483647;
			files = (
				F4D833FC29AC83A5008D8623 /* ContentView.swift in Sources */,
				F4A6022129ACD9530010C04D /* ProfileView.swift in Sources */,
				F4A6022729ACDF380010C04D /* ExerciseCardView.swift in Sources */,
				F4A6021F29ACB45D0010C04D /* ActivityRingView.swift in Sources */,
				F4A6021729AC96230010C04D /* SecondView.swift in Sources */,
				F4A6023429AF456D0010C04D /* ActivityModel.swift in Sources */,
				F4A6022E29AF2D580010C04D /* HelathKitService.swift in Sources */,
				F4D8340A29AC9118008D8623 /* HomeView.swift in Sources */,
				F4A6021D29ACB3CD0010C04D /* RingShape.swift in Sources */,
				F4D833FA29AC83A5008D8623 /* SwiftUIStudyApp.swift in Sources */,
				F4A6023029AF3B3F0010C04D /* HomeViewModel.swift in Sources */,
				F4D8340829AC90C5008D8623 /* MainTabView.swift in Sources */,
				F4A6022529ACDBC80010C04D /* ExerciseDetailView.swift in Sources */,
				F41B2E0729AF9212002BCFE8 /* HealthKitResult.swift in Sources */,
				F4A6022329ACDAB70010C04D /* ExerciseListView.swift in Sources */,
				F4A6021929AC9EB60010C04D /* ActivityView.swift in Sources */,
			);
			runOnlyForDeploymentPostprocessing = 0;
		};
/* End PBXSourcesBuildPhase section */

/* Begin XCBuildConfiguration section */
		F4D8340229AC83A6008D8623 /* Debug */ = {
			isa = XCBuildConfiguration;
			buildSettings = {
				ALWAYS_SEARCH_USER_PATHS = NO;
				CLANG_ANALYZER_NONNULL = YES;
				CLANG_ANALYZER_NUMBER_OBJECT_CONVERSION = YES_AGGRESSIVE;
				CLANG_CXX_LANGUAGE_STANDARD = "gnu++17";
				CLANG_ENABLE_MODULES = YES;
				CLANG_ENABLE_OBJC_ARC = YES;
				CLANG_ENABLE_OBJC_WEAK = YES;
				CLANG_WARN_BLOCK_CAPTURE_AUTORELEASING = YES;
				CLANG_WARN_BOOL_CONVERSION = YES;
				CLANG_WARN_COMMA = YES;
				CLANG_WARN_CONSTANT_CONVERSION = YES;
				CLANG_WARN_DEPRECATED_OBJC_IMPLEMENTATIONS = YES;
				CLANG_WARN_DIRECT_OBJC_ISA_USAGE = YES_ERROR;
				CLANG_WARN_DOCUMENTATION_COMMENTS = YES;
				CLANG_WARN_EMPTY_BODY = YES;
				CLANG_WARN_ENUM_CONVERSION = YES;
				CLANG_WARN_INFINITE_RECURSION = YES;
				CLANG_WARN_INT_CONVERSION = YES;
				CLANG_WARN_NON_LITERAL_NULL_CONVERSION = YES;
				CLANG_WARN_OBJC_IMPLICIT_RETAIN_SELF = YES;
				CLANG_WARN_OBJC_LITERAL_CONVERSION = YES;
				CLANG_WARN_OBJC_ROOT_CLASS = YES_ERROR;
				CLANG_WARN_QUOTED_INCLUDE_IN_FRAMEWORK_HEADER = YES;
				CLANG_WARN_RANGE_LOOP_ANALYSIS = YES;
				CLANG_WARN_STRICT_PROTOTYPES = YES;
				CLANG_WARN_SUSPICIOUS_MOVE = YES;
				CLANG_WARN_UNGUARDED_AVAILABILITY = YES_AGGRESSIVE;
				CLANG_WARN_UNREACHABLE_CODE = YES;
				CLANG_WARN__DUPLICATE_METHOD_MATCH = YES;
				COPY_PHASE_STRIP = NO;
				DEBUG_INFORMATION_FORMAT = dwarf;
				ENABLE_STRICT_OBJC_MSGSEND = YES;
				ENABLE_TESTABILITY = YES;
				GCC_C_LANGUAGE_STANDARD = gnu11;
				GCC_DYNAMIC_NO_PIC = NO;
				GCC_NO_COMMON_BLOCKS = YES;
				GCC_OPTIMIZATION_LEVEL = 0;
				GCC_PREPROCESSOR_DEFINITIONS = (
					"DEBUG=1",
					"$(inherited)",
				);
				GCC_WARN_64_TO_32_BIT_CONVERSION = YES;
				GCC_WARN_ABOUT_RETURN_TYPE = YES_ERROR;
				GCC_WARN_UNDECLARED_SELECTOR = YES;
				GCC_WARN_UNINITIALIZED_AUTOS = YES_AGGRESSIVE;
				GCC_WARN_UNUSED_FUNCTION = YES;
				GCC_WARN_UNUSED_VARIABLE = YES;
				IPHONEOS_DEPLOYMENT_TARGET = 15.5;
				MTL_ENABLE_DEBUG_INFO = INCLUDE_SOURCE;
				MTL_FAST_MATH = YES;
				ONLY_ACTIVE_ARCH = YES;
				SDKROOT = iphoneos;
				SWIFT_ACTIVE_COMPILATION_CONDITIONS = DEBUG;
				SWIFT_OPTIMIZATION_LEVEL = "-Onone";
			};
			name = Debug;
		};
		F4D8340329AC83A6008D8623 /* Release */ = {
			isa = XCBuildConfiguration;
			buildSettings = {
				ALWAYS_SEARCH_USER_PATHS = NO;
				CLANG_ANALYZER_NONNULL = YES;
				CLANG_ANALYZER_NUMBER_OBJECT_CONVERSION = YES_AGGRESSIVE;
				CLANG_CXX_LANGUAGE_STANDARD = "gnu++17";
				CLANG_ENABLE_MODULES = YES;
				CLANG_ENABLE_OBJC_ARC = YES;
				CLANG_ENABLE_OBJC_WEAK = YES;
				CLANG_WARN_BLOCK_CAPTURE_AUTORELEASING = YES;
				CLANG_WARN_BOOL_CONVERSION = YES;
				CLANG_WARN_COMMA = YES;
				CLANG_WARN_CONSTANT_CONVERSION = YES;
				CLANG_WARN_DEPRECATED_OBJC_IMPLEMENTATIONS = YES;
				CLANG_WARN_DIRECT_OBJC_ISA_USAGE = YES_ERROR;
				CLANG_WARN_DOCUMENTATION_COMMENTS = YES;
				CLANG_WARN_EMPTY_BODY = YES;
				CLANG_WARN_ENUM_CONVERSION = YES;
				CLANG_WARN_INFINITE_RECURSION = YES;
				CLANG_WARN_INT_CONVERSION = YES;
				CLANG_WARN_NON_LITERAL_NULL_CONVERSION = YES;
				CLANG_WARN_OBJC_IMPLICIT_RETAIN_SELF = YES;
				CLANG_WARN_OBJC_LITERAL_CONVERSION = YES;
				CLANG_WARN_OBJC_ROOT_CLASS = YES_ERROR;
				CLANG_WARN_QUOTED_INCLUDE_IN_FRAMEWORK_HEADER = YES;
				CLANG_WARN_RANGE_LOOP_ANALYSIS = YES;
				CLANG_WARN_STRICT_PROTOTYPES = YES;
				CLANG_WARN_SUSPICIOUS_MOVE = YES;
				CLANG_WARN_UNGUARDED_AVAILABILITY = YES_AGGRESSIVE;
				CLANG_WARN_UNREACHABLE_CODE = YES;
				CLANG_WARN__DUPLICATE_METHOD_MATCH = YES;
				COPY_PHASE_STRIP = NO;
				DEBUG_INFORMATION_FORMAT = "dwarf-with-dsym";
				ENABLE_NS_ASSERTIONS = NO;
				ENABLE_STRICT_OBJC_MSGSEND = YES;
				GCC_C_LANGUAGE_STANDARD = gnu11;
				GCC_NO_COMMON_BLOCKS = YES;
				GCC_WARN_64_TO_32_BIT_CONVERSION = YES;
				GCC_WARN_ABOUT_RETURN_TYPE = YES_ERROR;
				GCC_WARN_UNDECLARED_SELECTOR = YES;
				GCC_WARN_UNINITIALIZED_AUTOS = YES_AGGRESSIVE;
				GCC_WARN_UNUSED_FUNCTION = YES;
				GCC_WARN_UNUSED_VARIABLE = YES;
				IPHONEOS_DEPLOYMENT_TARGET = 15.5;
				MTL_ENABLE_DEBUG_INFO = NO;
				MTL_FAST_MATH = YES;
				SDKROOT = iphoneos;
				SWIFT_COMPILATION_MODE = wholemodule;
				SWIFT_OPTIMIZATION_LEVEL = "-O";
				VALIDATE_PRODUCT = YES;
			};
			name = Release;
		};
		F4D8340529AC83A6008D8623 /* Debug */ = {
			isa = XCBuildConfiguration;
			buildSettings = {
				ASSETCATALOG_COMPILER_APPICON_NAME = AppIcon;
				ASSETCATALOG_COMPILER_GLOBAL_ACCENT_COLOR_NAME = AccentColor;
				CODE_SIGN_ENTITLEMENTS = SwiftUIStudy/SwiftUIStudy.entitlements;
				CODE_SIGN_STYLE = Automatic;
				CURRENT_PROJECT_VERSION = 1;
				DEVELOPMENT_ASSET_PATHS = "\"SwiftUIStudy/Preview Content\"";
				DEVELOPMENT_TEAM = 6J7U94Y753;
				ENABLE_PREVIEWS = YES;
				GENERATE_INFOPLIST_FILE = YES;
				INFOPLIST_FILE = SwiftUIStudy/Info.plist;
				INFOPLIST_KEY_NSHealthShareUsageDescription = "Health Kit Read";
				INFOPLIST_KEY_NSHealthUpdateUsageDescription = "Health Kit Read";
				INFOPLIST_KEY_UIApplicationSupportsIndirectInputEvents = YES;
				INFOPLIST_KEY_UILaunchScreen_Generation = YES;
				INFOPLIST_KEY_UISupportedInterfaceOrientations_iPad = "UIInterfaceOrientationPortrait UIInterfaceOrientationPortraitUpsideDown UIInterfaceOrientationLandscapeLeft UIInterfaceOrientationLandscapeRight";
				INFOPLIST_KEY_UISupportedInterfaceOrientations_iPhone = "UIInterfaceOrientationPortrait UIInterfaceOrientationLandscapeLeft UIInterfaceOrientationLandscapeRight";
				LD_RUNPATH_SEARCH_PATHS = (
					"$(inherited)",
					"@executable_path/Frameworks",
				);
				MARKETING_VERSION = 1.0;
				PRODUCT_BUNDLE_IDENTIFIER = com.heejae.SwiftUIStudy;
				PRODUCT_NAME = "$(TARGET_NAME)";
				SWIFT_EMIT_LOC_STRINGS = YES;
				SWIFT_VERSION = 5.0;
				TARGETED_DEVICE_FAMILY = "1,2";
			};
			name = Debug;
		};
		F4D8340629AC83A6008D8623 /* Release */ = {
			isa = XCBuildConfiguration;
			buildSettings = {
				ASSETCATALOG_COMPILER_APPICON_NAME = AppIcon;
				ASSETCATALOG_COMPILER_GLOBAL_ACCENT_COLOR_NAME = AccentColor;
				CODE_SIGN_ENTITLEMENTS = SwiftUIStudy/SwiftUIStudy.entitlements;
				CODE_SIGN_STYLE = Automatic;
				CURRENT_PROJECT_VERSION = 1;
				DEVELOPMENT_ASSET_PATHS = "\"SwiftUIStudy/Preview Content\"";
				DEVELOPMENT_TEAM = 6J7U94Y753;
				ENABLE_PREVIEWS = YES;
				GENERATE_INFOPLIST_FILE = YES;
				INFOPLIST_FILE = SwiftUIStudy/Info.plist;
				INFOPLIST_KEY_NSHealthShareUsageDescription = "Health Kit Read";
				INFOPLIST_KEY_NSHealthUpdateUsageDescription = "Health Kit Read";
				INFOPLIST_KEY_UIApplicationSupportsIndirectInputEvents = YES;
				INFOPLIST_KEY_UILaunchScreen_Generation = YES;
				INFOPLIST_KEY_UISupportedInterfaceOrientations_iPad = "UIInterfaceOrientationPortrait UIInterfaceOrientationPortraitUpsideDown UIInterfaceOrientationLandscapeLeft UIInterfaceOrientationLandscapeRight";
				INFOPLIST_KEY_UISupportedInterfaceOrientations_iPhone = "UIInterfaceOrientationPortrait UIInterfaceOrientationLandscapeLeft UIInterfaceOrientationLandscapeRight";
				LD_RUNPATH_SEARCH_PATHS = (
					"$(inherited)",
					"@executable_path/Frameworks",
				);
				MARKETING_VERSION = 1.0;
				PRODUCT_BUNDLE_IDENTIFIER = com.heejae.SwiftUIStudy;
				PRODUCT_NAME = "$(TARGET_NAME)";
				SWIFT_EMIT_LOC_STRINGS = YES;
				SWIFT_VERSION = 5.0;
				TARGETED_DEVICE_FAMILY = "1,2";
			};
			name = Release;
		};
/* End XCBuildConfiguration section */

/* Begin XCConfigurationList section */
		F4D833F129AC83A5008D8623 /* Build configuration list for PBXProject "SwiftUIStudy" */ = {
			isa = XCConfigurationList;
			buildConfigurations = (
				F4D8340229AC83A6008D8623 /* Debug */,
				F4D8340329AC83A6008D8623 /* Release */,
			);
			defaultConfigurationIsVisible = 0;
			defaultConfigurationName = Release;
		};
		F4D8340429AC83A6008D8623 /* Build configuration list for PBXNativeTarget "SwiftUIStudy" */ = {
			isa = XCConfigurationList;
			buildConfigurations = (
				F4D8340529AC83A6008D8623 /* Debug */,
				F4D8340629AC83A6008D8623 /* Release */,
			);
			defaultConfigurationIsVisible = 0;
			defaultConfigurationName = Release;
		};
/* End XCConfigurationList section */
	};
	rootObject = F4D833EE29AC83A5008D8623 /* Project object */;
}
